// !$*UTF8*$!
{
	archiveVersion = 1;
	classes = {
	};
	objectVersion = 56;
	objects = {

/* Begin PBXBuildFile section */
		5FB1844F2DC91ACD00C22875 /* FuriganaText.swift in Sources */ = {isa = PBXBuildFile; fileRef = 5FB1844E2DC91ACD00C22875 /* FuriganaText.swift */; };
		5FB184532DC9247200C22875 /* MainView.swift in Sources */ = {isa = PBXBuildFile; fileRef = 5FB184522DC9247200C22875 /* MainView.swift */; };
		5FB184552DC9248100C22875 /* StartView.swift in Sources */ = {isa = PBXBuildFile; fileRef = 5FB184542DC9248100C22875 /* StartView.swift */; };
		5FB184572DC9249500C22875 /* GameView.swift in Sources */ = {isa = PBXBuildFile; fileRef = 5FB184562DC9249500C22875 /* GameView.swift */; };
		5FB1845B2DC9340500C22875 /* ResultView.swift in Sources */ = {isa = PBXBuildFile; fileRef = 5FB1845A2DC9340500C22875 /* ResultView.swift */; };
		5FB1845D2DC93C8400C22875 /* QuizCategory.swift in Sources */ = {isa = PBXBuildFile; fileRef = 5FB1845C2DC93C8400C22875 /* QuizCategory.swift */; };
		5FB1845F2DC93CFB00C22875 /* WordLoader.swift in Sources */ = {isa = PBXBuildFile; fileRef = 5FB1845E2DC93CFB00C22875 /* WordLoader.swift */; };
		5FB1846F2DC9404D00C22875 /* level_3.json in Resources */ = {isa = PBXBuildFile; fileRef = 5FB1846C2DC9404D00C22875 /* level_3.json */; };
		5FB184722DC9407600C22875 /* level_2.json in Resources */ = {isa = PBXBuildFile; fileRef = 5FB184712DC9407600C22875 /* level_2.json */; };
		5FB184742DC95A7F00C22875 /* level_1.json in Resources */ = {isa = PBXBuildFile; fileRef = 5FB184732DC95A7F00C22875 /* level_1.json */; };
		5FB184762DC9EA4D00C22875 /* QuizMode.swift in Sources */ = {isa = PBXBuildFile; fileRef = 5FB184752DC9EA4D00C22875 /* QuizMode.swift */; };
		5FB184782DC9F1E600C22875 /* ModeSelectView.swift in Sources */ = {isa = PBXBuildFile; fileRef = 5FB184772DC9F1E600C22875 /* ModeSelectView.swift */; };
		5FB1847A2DC9F26200C22875 /* CategorySelectView.swift in Sources */ = {isa = PBXBuildFile; fileRef = 5FB184792DC9F26200C22875 /* CategorySelectView.swift */; };
		5FB1847C2DCA22CC00C22875 /* Rank.swift in Sources */ = {isa = PBXBuildFile; fileRef = 5FB1847B2DCA22CC00C22875 /* Rank.swift */; };
		5FE8B93F2DC774F90000B97D /* MyMusicApp.swift in Sources */ = {isa = PBXBuildFile; fileRef = 5FE8B93E2DC774F90000B97D /* MyMusicApp.swift */; };
		5FE8B9432DC774FA0000B97D /* Assets.xcassets in Resources */ = {isa = PBXBuildFile; fileRef = 5FE8B9422DC774FA0000B97D /* Assets.xcassets */; };
		5FE8B9462DC774FA0000B97D /* Preview Assets.xcassets in Resources */ = {isa = PBXBuildFile; fileRef = 5FE8B9452DC774FA0000B97D /* Preview Assets.xcassets */; };
		5FE8B9502DC774FB0000B97D /* MyMusicTests.swift in Sources */ = {isa = PBXBuildFile; fileRef = 5FE8B94F2DC774FB0000B97D /* MyMusicTests.swift */; };
		5FE8B95A2DC774FB0000B97D /* MyMusicUITests.swift in Sources */ = {isa = PBXBuildFile; fileRef = 5FE8B9592DC774FB0000B97D /* MyMusicUITests.swift */; };
		5FE8B95C2DC774FB0000B97D /* MyMusicUITestsLaunchTests.swift in Sources */ = {isa = PBXBuildFile; fileRef = 5FE8B95B2DC774FB0000B97D /* MyMusicUITestsLaunchTests.swift */; };
/* End PBXBuildFile section */

/* Begin PBXContainerItemProxy section */
		5FE8B94C2DC774FB0000B97D /* PBXContainerItemProxy */ = {
			isa = PBXContainerItemProxy;
			containerPortal = 5FE8B9332DC774F90000B97D /* Project object */;
			proxyType = 1;
			remoteGlobalIDString = 5FE8B93A2DC774F90000B97D;
			remoteInfo = MyMusic;
		};
		5FE8B9562DC774FB0000B97D /* PBXContainerItemProxy */ = {
			isa = PBXContainerItemProxy;
			containerPortal = 5FE8B9332DC774F90000B97D /* Project object */;
			proxyType = 1;
			remoteGlobalIDString = 5FE8B93A2DC774F90000B97D;
			remoteInfo = MyMusic;
		};
/* End PBXContainerItemProxy section */

/* Begin PBXFileReference section */
		5FB1844E2DC91ACD00C22875 /* FuriganaText.swift */ = {isa = PBXFileReference; lastKnownFileType = sourcecode.swift; path = FuriganaText.swift; sourceTree = "<group>"; };
		5FB184522DC9247200C22875 /* MainView.swift */ = {isa = PBXFileReference; lastKnownFileType = sourcecode.swift; path = MainView.swift; sourceTree = "<group>"; };
		5FB184542DC9248100C22875 /* StartView.swift */ = {isa = PBXFileReference; lastKnownFileType = sourcecode.swift; path = StartView.swift; sourceTree = "<group>"; };
		5FB184562DC9249500C22875 /* GameView.swift */ = {isa = PBXFileReference; lastKnownFileType = sourcecode.swift; path = GameView.swift; sourceTree = "<group>"; };
		5FB1845A2DC9340500C22875 /* ResultView.swift */ = {isa = PBXFileReference; lastKnownFileType = sourcecode.swift; path = ResultView.swift; sourceTree = "<group>"; };
		5FB1845C2DC93C8400C22875 /* QuizCategory.swift */ = {isa = PBXFileReference; lastKnownFileType = sourcecode.swift; path = QuizCategory.swift; sourceTree = "<group>"; };
		5FB1845E2DC93CFB00C22875 /* WordLoader.swift */ = {isa = PBXFileReference; lastKnownFileType = sourcecode.swift; path = WordLoader.swift; sourceTree = "<group>"; };
		5FB1846C2DC9404D00C22875 /* level_3.json */ = {isa = PBXFileReference; fileEncoding = 4; lastKnownFileType = text.json; name = level_3.json; path = ../../../../../Downloads/level_3.json; sourceTree = "<group>"; };
		5FB184712DC9407600C22875 /* level_2.json */ = {isa = PBXFileReference; fileEncoding = 4; lastKnownFileType = text.json; name = level_2.json; path = ../../../../../Downloads/level_2.json; sourceTree = "<group>"; };
		5FB184732DC95A7F00C22875 /* level_1.json */ = {isa = PBXFileReference; fileEncoding = 4; lastKnownFileType = text.json; name = level_1.json; path = ../../../../../Downloads/level_1.json; sourceTree = "<group>"; };
		5FB184752DC9EA4D00C22875 /* QuizMode.swift */ = {isa = PBXFileReference; lastKnownFileType = sourcecode.swift; path = QuizMode.swift; sourceTree = "<group>"; };
		5FB184772DC9F1E600C22875 /* ModeSelectView.swift */ = {isa = PBXFileReference; lastKnownFileType = sourcecode.swift; path = ModeSelectView.swift; sourceTree = "<group>"; };
		5FB184792DC9F26200C22875 /* CategorySelectView.swift */ = {isa = PBXFileReference; lastKnownFileType = sourcecode.swift; path = CategorySelectView.swift; sourceTree = "<group>"; };
		5FB1847B2DCA22CC00C22875 /* Rank.swift */ = {isa = PBXFileReference; lastKnownFileType = sourcecode.swift; path = Rank.swift; sourceTree = "<group>"; };
		5FE8B93B2DC774F90000B97D /* MyMusic.app */ = {isa = PBXFileReference; explicitFileType = wrapper.application; includeInIndex = 0; path = MyMusic.app; sourceTree = BUILT_PRODUCTS_DIR; };
		5FE8B93E2DC774F90000B97D /* MyMusicApp.swift */ = {isa = PBXFileReference; lastKnownFileType = sourcecode.swift; path = MyMusicApp.swift; sourceTree = "<group>"; };
		5FE8B9422DC774FA0000B97D /* Assets.xcassets */ = {isa = PBXFileReference; lastKnownFileType = folder.assetcatalog; path = Assets.xcassets; sourceTree = "<group>"; };
		5FE8B9452DC774FA0000B97D /* Preview Assets.xcassets */ = {isa = PBXFileReference; lastKnownFileType = folder.assetcatalog; path = "Preview Assets.xcassets"; sourceTree = "<group>"; };
		5FE8B94B2DC774FB0000B97D /* MyMusicTests.xctest */ = {isa = PBXFileReference; explicitFileType = wrapper.cfbundle; includeInIndex = 0; path = MyMusicTests.xctest; sourceTree = BUILT_PRODUCTS_DIR; };
		5FE8B94F2DC774FB0000B97D /* MyMusicTests.swift */ = {isa = PBXFileReference; lastKnownFileType = sourcecode.swift; path = MyMusicTests.swift; sourceTree = "<group>"; };
		5FE8B9552DC774FB0000B97D /* MyMusicUITests.xctest */ = {isa = PBXFileReference; explicitFileType = wrapper.cfbundle; includeInIndex = 0; path = MyMusicUITests.xctest; sourceTree = BUILT_PRODUCTS_DIR; };
		5FE8B9592DC774FB0000B97D /* MyMusicUITests.swift */ = {isa = PBXFileReference; lastKnownFileType = sourcecode.swift; path = MyMusicUITests.swift; sourceTree = "<group>"; };
		5FE8B95B2DC774FB0000B97D /* MyMusicUITestsLaunchTests.swift */ = {isa = PBXFileReference; lastKnownFileType = sourcecode.swift; path = MyMusicUITestsLaunchTests.swift; sourceTree = "<group>"; };
/* End PBXFileReference section */

/* Begin PBXFrameworksBuildPhase section */
		5FE8B9382DC774F90000B97D /* Frameworks */ = {
			isa = PBXFrameworksBuildPhase;
			buildActionMask = 2147483647;
			files = (
			);
			runOnlyForDeploymentPostprocessing = 0;
		};
		5FE8B9482DC774FB0000B97D /* Frameworks */ = {
			isa = PBXFrameworksBuildPhase;
			buildActionMask = 2147483647;
			files = (
			);
			runOnlyForDeploymentPostprocessing = 0;
		};
		5FE8B9522DC774FB0000B97D /* Frameworks */ = {
			isa = PBXFrameworksBuildPhase;
			buildActionMask = 2147483647;
			files = (
			);
			runOnlyForDeploymentPostprocessing = 0;
		};
/* End PBXFrameworksBuildPhase section */

/* Begin PBXGroup section */
		5FB184602DC93E4E00C22875 /* Resources */ = {
			isa = PBXGroup;
			children = (
				5FB184732DC95A7F00C22875 /* level_1.json */,
				5FB184712DC9407600C22875 /* level_2.json */,
				5FB1846C2DC9404D00C22875 /* level_3.json */,
			);
			path = Resources;
			sourceTree = "<group>";
		};
		5FE8B9322DC774F90000B97D = {
			isa = PBXGroup;
			children = (
				5FE8B93D2DC774F90000B97D /* MyMusic */,
				5FE8B94E2DC774FB0000B97D /* MyMusicTests */,
				5FE8B9582DC774FB0000B97D /* MyMusicUITests */,
				5FE8B93C2DC774F90000B97D /* Products */,
			);
			sourceTree = "<group>";
		};
		5FE8B93C2DC774F90000B97D /* Products */ = {
			isa = PBXGroup;
			children = (
				5FE8B93B2DC774F90000B97D /* MyMusic.app */,
				5FE8B94B2DC774FB0000B97D /* MyMusicTests.xctest */,
				5FE8B9552DC774FB0000B97D /* MyMusicUITests.xctest */,
			);
			name = Products;
			sourceTree = "<group>";
		};
		5FE8B93D2DC774F90000B97D /* MyMusic */ = {
			isa = PBXGroup;
			children = (
				5FE8B93E2DC774F90000B97D /* MyMusicApp.swift */,
				5FB184522DC9247200C22875 /* MainView.swift */,
				5FB184542DC9248100C22875 /* StartView.swift */,
				5FB184772DC9F1E600C22875 /* ModeSelectView.swift */,
				5FB184792DC9F26200C22875 /* CategorySelectView.swift */,
				5FB184562DC9249500C22875 /* GameView.swift */,
				5FB1845A2DC9340500C22875 /* ResultView.swift */,
				5FB184752DC9EA4D00C22875 /* QuizMode.swift */,
				5FB1845C2DC93C8400C22875 /* QuizCategory.swift */,
				5FB1844E2DC91ACD00C22875 /* FuriganaText.swift */,
				5FB1845E2DC93CFB00C22875 /* WordLoader.swift */,
				5FB1847B2DCA22CC00C22875 /* Rank.swift */,
				5FE8B9422DC774FA0000B97D /* Assets.xcassets */,
				5FB184602DC93E4E00C22875 /* Resources */,
				5FE8B9442DC774FA0000B97D /* Preview Content */,
			);
			path = MyMusic;
			sourceTree = "<group>";
		};
		5FE8B9442DC774FA0000B97D /* Preview Content */ = {
			isa = PBXGroup;
			children = (
				5FE8B9452DC774FA0000B97D /* Preview Assets.xcassets */,
			);
			path = "Preview Content";
			sourceTree = "<group>";
		};
		5FE8B94E2DC774FB0000B97D /* MyMusicTests */ = {
			isa = PBXGroup;
			children = (
				5FE8B94F2DC774FB0000B97D /* MyMusicTests.swift */,
			);
			path = MyMusicTests;
			sourceTree = "<group>";
		};
		5FE8B9582DC774FB0000B97D /* MyMusicUITests */ = {
			isa = PBXGroup;
			children = (
				5FE8B9592DC774FB0000B97D /* MyMusicUITests.swift */,
				5FE8B95B2DC774FB0000B97D /* MyMusicUITestsLaunchTests.swift */,
			);
			path = MyMusicUITests;
			sourceTree = "<group>";
		};
/* End PBXGroup section */

/* Begin PBXNativeTarget section */
		5FE8B93A2DC774F90000B97D /* MyMusic */ = {
			isa = PBXNativeTarget;
			buildConfigurationList = 5FE8B95F2DC774FB0000B97D /* Build configuration list for PBXNativeTarget "MyMusic" */;
			buildPhases = (
				5FE8B9372DC774F90000B97D /* Sources */,
				5FE8B9382DC774F90000B97D /* Frameworks */,
				5FE8B9392DC774F90000B97D /* Resources */,
			);
			buildRules = (
			);
			dependencies = (
			);
			name = MyMusic;
			productName = MyMusic;
			productReference = 5FE8B93B2DC774F90000B97D /* MyMusic.app */;
			productType = "com.apple.product-type.application";
		};
		5FE8B94A2DC774FB0000B97D /* MyMusicTests */ = {
			isa = PBXNativeTarget;
			buildConfigurationList = 5FE8B9622DC774FB0000B97D /* Build configuration list for PBXNativeTarget "MyMusicTests" */;
			buildPhases = (
				5FE8B9472DC774FB0000B97D /* Sources */,
				5FE8B9482DC774FB0000B97D /* Frameworks */,
				5FE8B9492DC774FB0000B97D /* Resources */,
			);
			buildRules = (
			);
			dependencies = (
				5FE8B94D2DC774FB0000B97D /* PBXTargetDependency */,
			);
			name = MyMusicTests;
			productName = MyMusicTests;
			productReference = 5FE8B94B2DC774FB0000B97D /* MyMusicTests.xctest */;
			productType = "com.apple.product-type.bundle.unit-test";
		};
		5FE8B9542DC774FB0000B97D /* MyMusicUITests */ = {
			isa = PBXNativeTarget;
			buildConfigurationList = 5FE8B9652DC774FB0000B97D /* Build configuration list for PBXNativeTarget "MyMusicUITests" */;
			buildPhases = (
				5FE8B9512DC774FB0000B97D /* Sources */,
				5FE8B9522DC774FB0000B97D /* Frameworks */,
				5FE8B9532DC774FB0000B97D /* Resources */,
			);
			buildRules = (
			);
			dependencies = (
				5FE8B9572DC774FB0000B97D /* PBXTargetDependency */,
			);
			name = MyMusicUITests;
			productName = MyMusicUITests;
			productReference = 5FE8B9552DC774FB0000B97D /* MyMusicUITests.xctest */;
			productType = "com.apple.product-type.bundle.ui-testing";
		};
/* End PBXNativeTarget section */

/* Begin PBXProject section */
		5FE8B9332DC774F90000B97D /* Project object */ = {
			isa = PBXProject;
			attributes = {
				BuildIndependentTargetsInParallel = 1;
				LastSwiftUpdateCheck = 1530;
				LastUpgradeCheck = 1530;
				TargetAttributes = {
					5FE8B93A2DC774F90000B97D = {
						CreatedOnToolsVersion = 15.3;
					};
					5FE8B94A2DC774FB0000B97D = {
						CreatedOnToolsVersion = 15.3;
						TestTargetID = 5FE8B93A2DC774F90000B97D;
					};
					5FE8B9542DC774FB0000B97D = {
						CreatedOnToolsVersion = 15.3;
						TestTargetID = 5FE8B93A2DC774F90000B97D;
					};
				};
			};
			buildConfigurationList = 5FE8B9362DC774F90000B97D /* Build configuration list for PBXProject "MyMusic" */;
			compatibilityVersion = "Xcode 14.0";
			developmentRegion = en;
			hasScannedForEncodings = 0;
			knownRegions = (
				en,
				Base,
			);
			mainGroup = 5FE8B9322DC774F90000B97D;
			productRefGroup = 5FE8B93C2DC774F90000B97D /* Products */;
			projectDirPath = "";
			projectRoot = "";
			targets = (
				5FE8B93A2DC774F90000B97D /* MyMusic */,
				5FE8B94A2DC774FB0000B97D /* MyMusicTests */,
				5FE8B9542DC774FB0000B97D /* MyMusicUITests */,
			);
		};
/* End PBXProject section */

/* Begin PBXResourcesBuildPhase section */
		5FE8B9392DC774F90000B97D /* Resources */ = {
			isa = PBXResourcesBuildPhase;
			buildActionMask = 2147483647;
			files = (
				5FB184742DC95A7F00C22875 /* level_1.json in Resources */,
				5FE8B9462DC774FA0000B97D /* Preview Assets.xcassets in Resources */,
				5FB1846F2DC9404D00C22875 /* level_3.json in Resources */,
				5FE8B9432DC774FA0000B97D /* Assets.xcassets in Resources */,
				5FB184722DC9407600C22875 /* level_2.json in Resources */,
			);
			runOnlyForDeploymentPostprocessing = 0;
		};
		5FE8B9492DC774FB0000B97D /* Resources */ = {
			isa = PBXResourcesBuildPhase;
			buildActionMask = 2147483647;
			files = (
			);
			runOnlyForDeploymentPostprocessing = 0;
		};
		5FE8B9532DC774FB0000B97D /* Resources */ = {
			isa = PBXResourcesBuildPhase;
			buildActionMask = 2147483647;
			files = (
			);
			runOnlyForDeploymentPostprocessing = 0;
		};
/* End PBXResourcesBuildPhase section */

/* Begin PBXSourcesBuildPhase section */
		5FE8B9372DC774F90000B97D /* Sources */ = {
			isa = PBXSourcesBuildPhase;
			buildActionMask = 2147483647;
			files = (
				5FE8B93F2DC774F90000B97D /* MyMusicApp.swift in Sources */,
				5FB184552DC9248100C22875 /* StartView.swift in Sources */,
				5FB184532DC9247200C22875 /* MainView.swift in Sources */,
				5FB184782DC9F1E600C22875 /* ModeSelectView.swift in Sources */,
				5FB1845D2DC93C8400C22875 /* QuizCategory.swift in Sources */,
				5FB1845F2DC93CFB00C22875 /* WordLoader.swift in Sources */,
				5FB184762DC9EA4D00C22875 /* QuizMode.swift in Sources */,
				5FB1847A2DC9F26200C22875 /* CategorySelectView.swift in Sources */,
				5FB1845B2DC9340500C22875 /* ResultView.swift in Sources */,
				5FB1844F2DC91ACD00C22875 /* FuriganaText.swift in Sources */,
				5FB1847C2DCA22CC00C22875 /* Rank.swift in Sources */,
				5FB184572DC9249500C22875 /* GameView.swift in Sources */,
			);
			runOnlyForDeploymentPostprocessing = 0;
		};
		5FE8B9472DC774FB0000B97D /* Sources */ = {
			isa = PBXSourcesBuildPhase;
			buildActionMask = 2147483647;
			files = (
				5FE8B9502DC774FB0000B97D /* MyMusicTests.swift in Sources */,
			);
			runOnlyForDeploymentPostprocessing = 0;
		};
		5FE8B9512DC774FB0000B97D /* Sources */ = {
			isa = PBXSourcesBuildPhase;
			buildActionMask = 2147483647;
			files = (
				5FE8B95C2DC774FB0000B97D /* MyMusicUITestsLaunchTests.swift in Sources */,
				5FE8B95A2DC774FB0000B97D /* MyMusicUITests.swift in Sources */,
			);
			runOnlyForDeploymentPostprocessing = 0;
		};
/* End PBXSourcesBuildPhase section */

/* Begin PBXTargetDependency section */
		5FE8B94D2DC774FB0000B97D /* PBXTargetDependency */ = {
			isa = PBXTargetDependency;
			target = 5FE8B93A2DC774F90000B97D /* MyMusic */;
			targetProxy = 5FE8B94C2DC774FB0000B97D /* PBXContainerItemProxy */;
		};
		5FE8B9572DC774FB0000B97D /* PBXTargetDependency */ = {
			isa = PBXTargetDependency;
			target = 5FE8B93A2DC774F90000B97D /* MyMusic */;
			targetProxy = 5FE8B9562DC774FB0000B97D /* PBXContainerItemProxy */;
		};
/* End PBXTargetDependency section */

/* Begin XCBuildConfiguration section */
		5FE8B95D2DC774FB0000B97D /* Debug */ = {
			isa = XCBuildConfiguration;
			buildSettings = {
				ALWAYS_SEARCH_USER_PATHS = NO;
				ASSETCATALOG_COMPILER_GENERATE_SWIFT_ASSET_SYMBOL_EXTENSIONS = YES;
				CLANG_ANALYZER_NONNULL = YES;
				CLANG_ANALYZER_NUMBER_OBJECT_CONVERSION = YES_AGGRESSIVE;
				CLANG_CXX_LANGUAGE_STANDARD = "gnu++20";
				CLANG_ENABLE_MODULES = YES;
				CLANG_ENABLE_OBJC_ARC = YES;
				CLANG_ENABLE_OBJC_WEAK = YES;
				CLANG_WARN_BLOCK_CAPTURE_AUTORELEASING = YES;
				CLANG_WARN_BOOL_CONVERSION = YES;
				CLANG_WARN_COMMA = YES;
				CLANG_WARN_CONSTANT_CONVERSION = YES;
				CLANG_WARN_DEPRECATED_OBJC_IMPLEMENTATIONS = YES;
				CLANG_WARN_DIRECT_OBJC_ISA_USAGE = YES_ERROR;
				CLANG_WARN_DOCUMENTATION_COMMENTS = YES;
				CLANG_WARN_EMPTY_BODY = YES;
				CLANG_WARN_ENUM_CONVERSION = YES;
				CLANG_WARN_INFINITE_RECURSION = YES;
				CLANG_WARN_INT_CONVERSION = YES;
				CLANG_WARN_NON_LITERAL_NULL_CONVERSION = YES;
				CLANG_WARN_OBJC_IMPLICIT_RETAIN_SELF = YES;
				CLANG_WARN_OBJC_LITERAL_CONVERSION = YES;
				CLANG_WARN_OBJC_ROOT_CLASS = YES_ERROR;
				CLANG_WARN_QUOTED_INCLUDE_IN_FRAMEWORK_HEADER = YES;
				CLANG_WARN_RANGE_LOOP_ANALYSIS = YES;
				CLANG_WARN_STRICT_PROTOTYPES = YES;
				CLANG_WARN_SUSPICIOUS_MOVE = YES;
				CLANG_WARN_UNGUARDED_AVAILABILITY = YES_AGGRESSIVE;
				CLANG_WARN_UNREACHABLE_CODE = YES;
				CLANG_WARN__DUPLICATE_METHOD_MATCH = YES;
				COPY_PHASE_STRIP = NO;
				DEBUG_INFORMATION_FORMAT = dwarf;
				ENABLE_STRICT_OBJC_MSGSEND = YES;
				ENABLE_TESTABILITY = YES;
				ENABLE_USER_SCRIPT_SANDBOXING = YES;
				GCC_C_LANGUAGE_STANDARD = gnu17;
				GCC_DYNAMIC_NO_PIC = NO;
				GCC_NO_COMMON_BLOCKS = YES;
				GCC_OPTIMIZATION_LEVEL = 0;
				GCC_PREPROCESSOR_DEFINITIONS = (
					"DEBUG=1",
					"$(inherited)",
				);
				GCC_WARN_64_TO_32_BIT_CONVERSION = YES;
				GCC_WARN_ABOUT_RETURN_TYPE = YES_ERROR;
				GCC_WARN_UNDECLARED_SELECTOR = YES;
				GCC_WARN_UNINITIALIZED_AUTOS = YES_AGGRESSIVE;
				GCC_WARN_UNUSED_FUNCTION = YES;
				GCC_WARN_UNUSED_VARIABLE = YES;
				IPHONEOS_DEPLOYMENT_TARGET = 17.4;
				LOCALIZATION_PREFERS_STRING_CATALOGS = YES;
				MTL_ENABLE_DEBUG_INFO = INCLUDE_SOURCE;
				MTL_FAST_MATH = YES;
				ONLY_ACTIVE_ARCH = YES;
				SDKROOT = iphoneos;
				SWIFT_ACTIVE_COMPILATION_CONDITIONS = "DEBUG $(inherited)";
				SWIFT_OPTIMIZATION_LEVEL = "-Onone";
			};
			name = Debug;
		};
		5FE8B95E2DC774FB0000B97D /* Release */ = {
			isa = XCBuildConfiguration;
			buildSettings = {
				ALWAYS_SEARCH_USER_PATHS = NO;
				ASSETCATALOG_COMPILER_GENERATE_SWIFT_ASSET_SYMBOL_EXTENSIONS = YES;
				CLANG_ANALYZER_NONNULL = YES;
				CLANG_ANALYZER_NUMBER_OBJECT_CONVERSION = YES_AGGRESSIVE;
				CLANG_CXX_LANGUAGE_STANDARD = "gnu++20";
				CLANG_ENABLE_MODULES = YES;
				CLANG_ENABLE_OBJC_ARC = YES;
				CLANG_ENABLE_OBJC_WEAK = YES;
				CLANG_WARN_BLOCK_CAPTURE_AUTORELEASING = YES;
				CLANG_WARN_BOOL_CONVERSION = YES;
				CLANG_WARN_COMMA = YES;
				CLANG_WARN_CONSTANT_CONVERSION = YES;
				CLANG_WARN_DEPRECATED_OBJC_IMPLEMENTATIONS = YES;
				CLANG_WARN_DIRECT_OBJC_ISA_USAGE = YES_ERROR;
				CLANG_WARN_DOCUMENTATION_COMMENTS = YES;
				CLANG_WARN_EMPTY_BODY = YES;
				CLANG_WARN_ENUM_CONVERSION = YES;
				CLANG_WARN_INFINITE_RECURSION = YES;
				CLANG_WARN_INT_CONVERSION = YES;
				CLANG_WARN_NON_LITERAL_NULL_CONVERSION = YES;
				CLANG_WARN_OBJC_IMPLICIT_RETAIN_SELF = YES;
				CLANG_WARN_OBJC_LITERAL_CONVERSION = YES;
				CLANG_WARN_OBJC_ROOT_CLASS = YES_ERROR;
				CLANG_WARN_QUOTED_INCLUDE_IN_FRAMEWORK_HEADER = YES;
				CLANG_WARN_RANGE_LOOP_ANALYSIS = YES;
				CLANG_WARN_STRICT_PROTOTYPES = YES;
				CLANG_WARN_SUSPICIOUS_MOVE = YES;
				CLANG_WARN_UNGUARDED_AVAILABILITY = YES_AGGRESSIVE;
				CLANG_WARN_UNREACHABLE_CODE = YES;
				CLANG_WARN__DUPLICATE_METHOD_MATCH = YES;
				COPY_PHASE_STRIP = NO;
				DEBUG_INFORMATION_FORMAT = "dwarf-with-dsym";
				ENABLE_NS_ASSERTIONS = NO;
				ENABLE_STRICT_OBJC_MSGSEND = YES;
				ENABLE_USER_SCRIPT_SANDBOXING = YES;
				GCC_C_LANGUAGE_STANDARD = gnu17;
				GCC_NO_COMMON_BLOCKS = YES;
				GCC_WARN_64_TO_32_BIT_CONVERSION = YES;
				GCC_WARN_ABOUT_RETURN_TYPE = YES_ERROR;
				GCC_WARN_UNDECLARED_SELECTOR = YES;
				GCC_WARN_UNINITIALIZED_AUTOS = YES_AGGRESSIVE;
				GCC_WARN_UNUSED_FUNCTION = YES;
				GCC_WARN_UNUSED_VARIABLE = YES;
				IPHONEOS_DEPLOYMENT_TARGET = 17.4;
				LOCALIZATION_PREFERS_STRING_CATALOGS = YES;
				MTL_ENABLE_DEBUG_INFO = NO;
				MTL_FAST_MATH = YES;
				SDKROOT = iphoneos;
				SWIFT_COMPILATION_MODE = wholemodule;
				VALIDATE_PRODUCT = YES;
			};
			name = Release;
		};
		5FE8B9602DC774FB0000B97D /* Debug */ = {
			isa = XCBuildConfiguration;
			buildSettings = {
				ASSETCATALOG_COMPILER_APPICON_NAME = AppIcon;
				ASSETCATALOG_COMPILER_GLOBAL_ACCENT_COLOR_NAME = AccentColor;
				CODE_SIGN_STYLE = Automatic;
				CURRENT_PROJECT_VERSION = 1;
				DEVELOPMENT_ASSET_PATHS = "\"MyMusic/Preview Content\"";
				DEVELOPMENT_TEAM = H9Q9T368X8;
				ENABLE_PREVIEWS = YES;
				GENERATE_INFOPLIST_FILE = YES;
				INFOPLIST_KEY_NSCameraUsageDescription = "写真撮影にカメラを使用します。";
				INFOPLIST_KEY_NSPhotoLibraryAddUsageDescription = "撮影した写真の保存に利用します。";
				INFOPLIST_KEY_UIApplicationSceneManifest_Generation = YES;
				INFOPLIST_KEY_UIApplicationSupportsIndirectInputEvents = YES;
				INFOPLIST_KEY_UILaunchScreen_Generation = YES;
				INFOPLIST_KEY_UISupportedInterfaceOrientations = UIInterfaceOrientationPortrait;
				INFOPLIST_KEY_UISupportedInterfaceOrientations_iPad = "UIInterfaceOrientationLandscapeLeft UIInterfaceOrientationLandscapeRight UIInterfaceOrientationPortrait UIInterfaceOrientationPortraitUpsideDown";
				LD_RUNPATH_SEARCH_PATHS = (
					"$(inherited)",
					"@executable_path/Frameworks",
				);
				MARKETING_VERSION = 1.0;
				PRODUCT_BUNDLE_IDENTIFIER = com.ryoichikawa.MyMusic;
				PRODUCT_NAME = "$(TARGET_NAME)";
				SWIFT_EMIT_LOC_STRINGS = YES;
				SWIFT_VERSION = 5.0;
				TARGETED_DEVICE_FAMILY = "1,2";
			};
			name = Debug;
		};
		5FE8B9612DC774FB0000B97D /* Release */ = {
			isa = XCBuildConfiguration;
			buildSettings = {
				ASSETCATALOG_COMPILER_APPICON_NAME = AppIcon;
				ASSETCATALOG_COMPILER_GLOBAL_ACCENT_COLOR_NAME = AccentColor;
				CODE_SIGN_STYLE = Automatic;
				CURRENT_PROJECT_VERSION = 1;
				DEVELOPMENT_ASSET_PATHS = "\"MyMusic/Preview Content\"";
				DEVELOPMENT_TEAM = H9Q9T368X8;
				ENABLE_PREVIEWS = YES;
				GENERATE_INFOPLIST_FILE = YES;
				INFOPLIST_KEY_NSCameraUsageDescription = "写真撮影にカメラを使用します。";
				INFOPLIST_KEY_NSPhotoLibraryAddUsageDescription = "撮影した写真の保存に利用します。";
				INFOPLIST_KEY_UIApplicationSceneManifest_Generation = YES;
				INFOPLIST_KEY_UIApplicationSupportsIndirectInputEvents = YES;
				INFOPLIST_KEY_UILaunchScreen_Generation = YES;
				INFOPLIST_KEY_UISupportedInterfaceOrientations = UIInterfaceOrientationPortrait;
				INFOPLIST_KEY_UISupportedInterfaceOrientations_iPad = "UIInterfaceOrientationLandscapeLeft UIInterfaceOrientationLandscapeRight UIInterfaceOrientationPortrait UIInterfaceOrientationPortraitUpsideDown";
				LD_RUNPATH_SEARCH_PATHS = (
					"$(inherited)",
					"@executable_path/Frameworks",
				);
				MARKETING_VERSION = 1.0;
				PRODUCT_BUNDLE_IDENTIFIER = com.ryoichikawa.MyMusic;
				PRODUCT_NAME = "$(TARGET_NAME)";
				SWIFT_EMIT_LOC_STRINGS = YES;
				SWIFT_VERSION = 5.0;
				TARGETED_DEVICE_FAMILY = "1,2";
			};
			name = Release;
		};
		5FE8B9632DC774FB0000B97D /* Debug */ = {
			isa = XCBuildConfiguration;
			buildSettings = {
				ALWAYS_EMBED_SWIFT_STANDARD_LIBRARIES = YES;
				BUNDLE_LOADER = "$(TEST_HOST)";
				CODE_SIGN_STYLE = Automatic;
				CURRENT_PROJECT_VERSION = 1;
				DEVELOPMENT_TEAM = H9Q9T368X8;
				GENERATE_INFOPLIST_FILE = YES;
				IPHONEOS_DEPLOYMENT_TARGET = 17.4;
				MARKETING_VERSION = 1.0;
				PRODUCT_BUNDLE_IDENTIFIER = com.ryoichikawa.MyMusicTests;
				PRODUCT_NAME = "$(TARGET_NAME)";
				SWIFT_EMIT_LOC_STRINGS = NO;
				SWIFT_VERSION = 5.0;
				TARGETED_DEVICE_FAMILY = "1,2";
				TEST_HOST = "$(BUILT_PRODUCTS_DIR)/MyMusic.app/$(BUNDLE_EXECUTABLE_FOLDER_PATH)/MyMusic";
			};
			name = Debug;
		};
		5FE8B9642DC774FB0000B97D /* Release */ = {
			isa = XCBuildConfiguration;
			buildSettings = {
				ALWAYS_EMBED_SWIFT_STANDARD_LIBRARIES = YES;
				BUNDLE_LOADER = "$(TEST_HOST)";
				CODE_SIGN_STYLE = Automatic;
				CURRENT_PROJECT_VERSION = 1;
				DEVELOPMENT_TEAM = H9Q9T368X8;
				GENERATE_INFOPLIST_FILE = YES;
				IPHONEOS_DEPLOYMENT_TARGET = 17.4;
				MARKETING_VERSION = 1.0;
				PRODUCT_BUNDLE_IDENTIFIER = com.ryoichikawa.MyMusicTests;
				PRODUCT_NAME = "$(TARGET_NAME)";
				SWIFT_EMIT_LOC_STRINGS = NO;
				SWIFT_VERSION = 5.0;
				TARGETED_DEVICE_FAMILY = "1,2";
				TEST_HOST = "$(BUILT_PRODUCTS_DIR)/MyMusic.app/$(BUNDLE_EXECUTABLE_FOLDER_PATH)/MyMusic";
			};
			name = Release;
		};
		5FE8B9662DC774FB0000B97D /* Debug */ = {
			isa = XCBuildConfiguration;
			buildSettings = {
				ALWAYS_EMBED_SWIFT_STANDARD_LIBRARIES = YES;
				CODE_SIGN_STYLE = Automatic;
				CURRENT_PROJECT_VERSION = 1;
				DEVELOPMENT_TEAM = H9Q9T368X8;
				GENERATE_INFOPLIST_FILE = YES;
				MARKETING_VERSION = 1.0;
				PRODUCT_BUNDLE_IDENTIFIER = com.ryoichikawa.MyMusicUITests;
				PRODUCT_NAME = "$(TARGET_NAME)";
				SWIFT_EMIT_LOC_STRINGS = NO;
				SWIFT_VERSION = 5.0;
				TARGETED_DEVICE_FAMILY = "1,2";
				TEST_TARGET_NAME = MyMusic;
			};
			name = Debug;
		};
		5FE8B9672DC774FB0000B97D /* Release */ = {
			isa = XCBuildConfiguration;
			buildSettings = {
				ALWAYS_EMBED_SWIFT_STANDARD_LIBRARIES = YES;
				CODE_SIGN_STYLE = Automatic;
				CURRENT_PROJECT_VERSION = 1;
				DEVELOPMENT_TEAM = H9Q9T368X8;
				GENERATE_INFOPLIST_FILE = YES;
				MARKETING_VERSION = 1.0;
				PRODUCT_BUNDLE_IDENTIFIER = com.ryoichikawa.MyMusicUITests;
				PRODUCT_NAME = "$(TARGET_NAME)";
				SWIFT_EMIT_LOC_STRINGS = NO;
				SWIFT_VERSION = 5.0;
				TARGETED_DEVICE_FAMILY = "1,2";
				TEST_TARGET_NAME = MyMusic;
			};
			name = Release;
		};
/* End XCBuildConfiguration section */

/* Begin XCConfigurationList section */
		5FE8B9362DC774F90000B97D /* Build configuration list for PBXProject "MyMusic" */ = {
			isa = XCConfigurationList;
			buildConfigurations = (
				5FE8B95D2DC774FB0000B97D /* Debug */,
				5FE8B95E2DC774FB0000B97D /* Release */,
			);
			defaultConfigurationIsVisible = 0;
			defaultConfigurationName = Release;
		};
		5FE8B95F2DC774FB0000B97D /* Build configuration list for PBXNativeTarget "MyMusic" */ = {
			isa = XCConfigurationList;
			buildConfigurations = (
				5FE8B9602DC774FB0000B97D /* Debug */,
				5FE8B9612DC774FB0000B97D /* Release */,
			);
			defaultConfigurationIsVisible = 0;
			defaultConfigurationName = Release;
		};
		5FE8B9622DC774FB0000B97D /* Build configuration list for PBXNativeTarget "MyMusicTests" */ = {
			isa = XCConfigurationList;
			buildConfigurations = (
				5FE8B9632DC774FB0000B97D /* Debug */,
				5FE8B9642DC774FB0000B97D /* Release */,
			);
			defaultConfigurationIsVisible = 0;
			defaultConfigurationName = Release;
		};
		5FE8B9652DC774FB0000B97D /* Build configuration list for PBXNativeTarget "MyMusicUITests" */ = {
			isa = XCConfigurationList;
			buildConfigurations = (
				5FE8B9662DC774FB0000B97D /* Debug */,
				5FE8B9672DC774FB0000B97D /* Release */,
			);
			defaultConfigurationIsVisible = 0;
			defaultConfigurationName = Release;
		};
/* End XCConfigurationList section */
	};
	rootObject = 5FE8B9332DC774F90000B97D /* Project object */;
}
